// !$*UTF8*$!
{
	archiveVersion = 1;
	classes = {
	};
	objectVersion = 56;
	objects = {

/* Begin PBXBuildFile section */
		245ED89E2B7EB4FC00B5CEFA /* AccessBSUApp.swift in Sources */ = {isa = PBXBuildFile; fileRef = 245ED89D2B7EB4FC00B5CEFA /* AccessBSUApp.swift */; };
		245ED8A02B7EB4FC00B5CEFA /* MapView.swift in Sources */ = {isa = PBXBuildFile; fileRef = 245ED89F2B7EB4FC00B5CEFA /* MapView.swift */; };
		245ED8A22B7EB4FE00B5CEFA /* Assets.xcassets in Resources */ = {isa = PBXBuildFile; fileRef = 245ED8A12B7EB4FE00B5CEFA /* Assets.xcassets */; };
		245ED8A52B7EB4FE00B5CEFA /* Preview Assets.xcassets in Resources */ = {isa = PBXBuildFile; fileRef = 245ED8A42B7EB4FE00B5CEFA /* Preview Assets.xcassets */; };
		249004C62B87284B00F762E8 /* Location.swift in Sources */ = {isa = PBXBuildFile; fileRef = 249004C52B87284B00F762E8 /* Location.swift */; };
		249004C92B872BE400F762E8 /* LocationType.swift in Sources */ = {isa = PBXBuildFile; fileRef = 249004C82B872BE400F762E8 /* LocationType.swift */; };
		249004CC2B87339400F762E8 /* MapViewModel.swift in Sources */ = {isa = PBXBuildFile; fileRef = 249004CB2B87339400F762E8 /* MapViewModel.swift */; };
		249004D02B8734F100F762E8 /* MapViewRepresentable.swift in Sources */ = {isa = PBXBuildFile; fileRef = 249004CF2B8734F100F762E8 /* MapViewRepresentable.swift */; };
		249004D22B8735C100F762E8 /* MapViewCoordinator.swift in Sources */ = {isa = PBXBuildFile; fileRef = 249004D12B8735C100F762E8 /* MapViewCoordinator.swift */; };
		249004D42B87382400F762E8 /* UINavigationController+EXT.swift in Sources */ = {isa = PBXBuildFile; fileRef = 249004D32B87382400F762E8 /* UINavigationController+EXT.swift */; };
		249004DA2B87398B00F762E8 /* Color+EXT.swift in Sources */ = {isa = PBXBuildFile; fileRef = 249004D92B87398B00F762E8 /* Color+EXT.swift */; };
		24B0B29B2BB9115500A4C8D7 /* LocationAnnotation.swift in Sources */ = {isa = PBXBuildFile; fileRef = 24B0B29A2BB9115500A4C8D7 /* LocationAnnotation.swift */; };
		24B0B29D2BB91B4000A4C8D7 /* LocationAnnotationView.swift in Sources */ = {isa = PBXBuildFile; fileRef = 24B0B29C2BB91B4000A4C8D7 /* LocationAnnotationView.swift */; };
		24B0B2A22BB9295900A4C8D7 /* MapLocationsView.swift in Sources */ = {isa = PBXBuildFile; fileRef = 24B0B2A12BB9295900A4C8D7 /* MapLocationsView.swift */; };
		24B0B2A52BB938D900A4C8D7 /* AppTabView.swift in Sources */ = {isa = PBXBuildFile; fileRef = 24B0B2A42BB938D900A4C8D7 /* AppTabView.swift */; };
		24B0B2A82BB939A500A4C8D7 /* UserProfileView.swift in Sources */ = {isa = PBXBuildFile; fileRef = 24B0B2A72BB939A500A4C8D7 /* UserProfileView.swift */; };
/* End PBXBuildFile section */

/* Begin PBXFileReference section */
		245ED89A2B7EB4FC00B5CEFA /* AccessBSU.app */ = {isa = PBXFileReference; explicitFileType = wrapper.application; includeInIndex = 0; path = AccessBSU.app; sourceTree = BUILT_PRODUCTS_DIR; };
		245ED89D2B7EB4FC00B5CEFA /* AccessBSUApp.swift */ = {isa = PBXFileReference; lastKnownFileType = sourcecode.swift; path = AccessBSUApp.swift; sourceTree = "<group>"; };
		245ED89F2B7EB4FC00B5CEFA /* MapView.swift */ = {isa = PBXFileReference; lastKnownFileType = sourcecode.swift; path = MapView.swift; sourceTree = "<group>"; };
		245ED8A12B7EB4FE00B5CEFA /* Assets.xcassets */ = {isa = PBXFileReference; lastKnownFileType = folder.assetcatalog; path = Assets.xcassets; sourceTree = "<group>"; };
		245ED8A42B7EB4FE00B5CEFA /* Preview Assets.xcassets */ = {isa = PBXFileReference; lastKnownFileType = folder.assetcatalog; path = "Preview Assets.xcassets"; sourceTree = "<group>"; };
		249004C52B87284B00F762E8 /* Location.swift */ = {isa = PBXFileReference; lastKnownFileType = sourcecode.swift; path = Location.swift; sourceTree = "<group>"; };
		249004C82B872BE400F762E8 /* LocationType.swift */ = {isa = PBXFileReference; lastKnownFileType = sourcecode.swift; path = LocationType.swift; sourceTree = "<group>"; };
		249004CB2B87339400F762E8 /* MapViewModel.swift */ = {isa = PBXFileReference; lastKnownFileType = sourcecode.swift; path = MapViewModel.swift; sourceTree = "<group>"; };
		249004CF2B8734F100F762E8 /* MapViewRepresentable.swift */ = {isa = PBXFileReference; lastKnownFileType = sourcecode.swift; path = MapViewRepresentable.swift; sourceTree = "<group>"; };
		249004D12B8735C100F762E8 /* MapViewCoordinator.swift */ = {isa = PBXFileReference; lastKnownFileType = sourcecode.swift; path = MapViewCoordinator.swift; sourceTree = "<group>"; };
		249004D32B87382400F762E8 /* UINavigationController+EXT.swift */ = {isa = PBXFileReference; lastKnownFileType = sourcecode.swift; path = "UINavigationController+EXT.swift"; sourceTree = "<group>"; };
		249004D92B87398B00F762E8 /* Color+EXT.swift */ = {isa = PBXFileReference; lastKnownFileType = sourcecode.swift; path = "Color+EXT.swift"; sourceTree = "<group>"; };
		24B0B29A2BB9115500A4C8D7 /* LocationAnnotation.swift */ = {isa = PBXFileReference; lastKnownFileType = sourcecode.swift; path = LocationAnnotation.swift; sourceTree = "<group>"; };
		24B0B29C2BB91B4000A4C8D7 /* LocationAnnotationView.swift */ = {isa = PBXFileReference; lastKnownFileType = sourcecode.swift; path = LocationAnnotationView.swift; sourceTree = "<group>"; };
		24B0B2A12BB9295900A4C8D7 /* MapLocationsView.swift */ = {isa = PBXFileReference; lastKnownFileType = sourcecode.swift; path = MapLocationsView.swift; sourceTree = "<group>"; };
		24B0B2A42BB938D900A4C8D7 /* AppTabView.swift */ = {isa = PBXFileReference; lastKnownFileType = sourcecode.swift; path = AppTabView.swift; sourceTree = "<group>"; };
		24B0B2A72BB939A500A4C8D7 /* UserProfileView.swift */ = {isa = PBXFileReference; lastKnownFileType = sourcecode.swift; path = UserProfileView.swift; sourceTree = "<group>"; };
/* End PBXFileReference section */

/* Begin PBXFrameworksBuildPhase section */
		245ED8972B7EB4FC00B5CEFA /* Frameworks */ = {
			isa = PBXFrameworksBuildPhase;
			buildActionMask = 2147483647;
			files = (
			);
			runOnlyForDeploymentPostprocessing = 0;
		};
/* End PBXFrameworksBuildPhase section */

/* Begin PBXGroup section */
		245ED8912B7EB4FC00B5CEFA = {
			isa = PBXGroup;
			children = (
				245ED89C2B7EB4FC00B5CEFA /* AccessBSU */,
				245ED89B2B7EB4FC00B5CEFA /* Products */,
			);
			sourceTree = "<group>";
		};
		245ED89B2B7EB4FC00B5CEFA /* Products */ = {
			isa = PBXGroup;
			children = (
				245ED89A2B7EB4FC00B5CEFA /* AccessBSU.app */,
			);
			name = Products;
			sourceTree = "<group>";
		};
		245ED89C2B7EB4FC00B5CEFA /* AccessBSU */ = {
			isa = PBXGroup;
			children = (
				245ED89D2B7EB4FC00B5CEFA /* AccessBSUApp.swift */,
				24B0B2972BB910E600A4C8D7 /* MKMapView */,
				24B0B2962BB9019400A4C8D7 /* Extensions */,
				249004CA2B87338A00F762E8 /* View Model */,
				249004C42B87283000F762E8 /* Model */,
				249004CD2B8734CB00F762E8 /* Views */,
				245ED8A12B7EB4FE00B5CEFA /* Assets.xcassets */,
				245ED8A32B7EB4FE00B5CEFA /* Preview Content */,
			);
			path = AccessBSU;
			sourceTree = "<group>";
		};
		245ED8A32B7EB4FE00B5CEFA /* Preview Content */ = {
			isa = PBXGroup;
			children = (
				245ED8A42B7EB4FE00B5CEFA /* Preview Assets.xcassets */,
			);
			path = "Preview Content";
			sourceTree = "<group>";
		};
		249004C42B87283000F762E8 /* Model */ = {
			isa = PBXGroup;
			children = (
				249004C72B872BD000F762E8 /* Location */,
			);
			path = Model;
			sourceTree = "<group>";
		};
		249004C72B872BD000F762E8 /* Location */ = {
			isa = PBXGroup;
			children = (
				249004C52B87284B00F762E8 /* Location.swift */,
				249004C82B872BE400F762E8 /* LocationType.swift */,
			);
			path = Location;
			sourceTree = "<group>";
		};
		249004CA2B87338A00F762E8 /* View Model */ = {
			isa = PBXGroup;
			children = (
				249004CB2B87339400F762E8 /* MapViewModel.swift */,
			);
			path = "View Model";
			sourceTree = "<group>";
		};
		249004CD2B8734CB00F762E8 /* Views */ = {
			isa = PBXGroup;
			children = (
				24B0B2A32BB938CA00A4C8D7 /* Tab View */,
				24B0B2A02BB9292F00A4C8D7 /* Locations */,
			);
			path = Views;
			sourceTree = "<group>";
		};
		249004CE2B8734D600F762E8 /* Map */ = {
			isa = PBXGroup;
			children = (
				245ED89F2B7EB4FC00B5CEFA /* MapView.swift */,
				249004D12B8735C100F762E8 /* MapViewCoordinator.swift */,
				249004CF2B8734F100F762E8 /* MapViewRepresentable.swift */,
				24B0B2A12BB9295900A4C8D7 /* MapLocationsView.swift */,
			);
			path = Map;
			sourceTree = "<group>";
		};
		24B0B2962BB9019400A4C8D7 /* Extensions */ = {
			isa = PBXGroup;
			children = (
				249004D32B87382400F762E8 /* UINavigationController+EXT.swift */,
				249004D92B87398B00F762E8 /* Color+EXT.swift */,
			);
			path = Extensions;
			sourceTree = "<group>";
		};
		24B0B2972BB910E600A4C8D7 /* MKMapView */ = {
			isa = PBXGroup;
			children = (
				24B0B29A2BB9115500A4C8D7 /* LocationAnnotation.swift */,
				24B0B29C2BB91B4000A4C8D7 /* LocationAnnotationView.swift */,
			);
			path = MKMapView;
			sourceTree = "<group>";
		};
		24B0B2A02BB9292F00A4C8D7 /* Locations */ = {
			isa = PBXGroup;
			children = (
			);
			path = Locations;
			sourceTree = "<group>";
		};
		24B0B2A32BB938CA00A4C8D7 /* Tab View */ = {
			isa = PBXGroup;
			children = (
				24B0B2A62BB9399E00A4C8D7 /* Profile */,
				249004CE2B8734D600F762E8 /* Map */,
				24B0B2A42BB938D900A4C8D7 /* AppTabView.swift */,
			);
			path = "Tab View";
			sourceTree = "<group>";
		};
		24B0B2A62BB9399E00A4C8D7 /* Profile */ = {
			isa = PBXGroup;
			children = (
				24B0B2A72BB939A500A4C8D7 /* UserProfileView.swift */,
			);
			path = Profile;
			sourceTree = "<group>";
		};
/* End PBXGroup section */

/* Begin PBXNativeTarget section */
		245ED8992B7EB4FC00B5CEFA /* AccessBSU */ = {
			isa = PBXNativeTarget;
			buildConfigurationList = 245ED8A82B7EB4FE00B5CEFA /* Build configuration list for PBXNativeTarget "AccessBSU" */;
			buildPhases = (
				245ED8962B7EB4FC00B5CEFA /* Sources */,
				245ED8972B7EB4FC00B5CEFA /* Frameworks */,
				245ED8982B7EB4FC00B5CEFA /* Resources */,
			);
			buildRules = (
			);
			dependencies = (
			);
			name = AccessBSU;
			productName = AccessBSU;
			productReference = 245ED89A2B7EB4FC00B5CEFA /* AccessBSU.app */;
			productType = "com.apple.product-type.application";
		};
/* End PBXNativeTarget section */

/* Begin PBXProject section */
		245ED8922B7EB4FC00B5CEFA /* Project object */ = {
			isa = PBXProject;
			attributes = {
				BuildIndependentTargetsInParallel = 1;
				LastSwiftUpdateCheck = 1500;
				LastUpgradeCheck = 1500;
				TargetAttributes = {
					245ED8992B7EB4FC00B5CEFA = {
						CreatedOnToolsVersion = 15.0.1;
					};
				};
			};
			buildConfigurationList = 245ED8952B7EB4FC00B5CEFA /* Build configuration list for PBXProject "AccessBSU" */;
			compatibilityVersion = "Xcode 14.0";
			developmentRegion = en;
			hasScannedForEncodings = 0;
			knownRegions = (
				en,
				Base,
			);
			mainGroup = 245ED8912B7EB4FC00B5CEFA;
			productRefGroup = 245ED89B2B7EB4FC00B5CEFA /* Products */;
			projectDirPath = "";
			projectRoot = "";
			targets = (
				245ED8992B7EB4FC00B5CEFA /* AccessBSU */,
			);
		};
/* End PBXProject section */

/* Begin PBXResourcesBuildPhase section */
		245ED8982B7EB4FC00B5CEFA /* Resources */ = {
			isa = PBXResourcesBuildPhase;
			buildActionMask = 2147483647;
			files = (
				245ED8A52B7EB4FE00B5CEFA /* Preview Assets.xcassets in Resources */,
				245ED8A22B7EB4FE00B5CEFA /* Assets.xcassets in Resources */,
			);
			runOnlyForDeploymentPostprocessing = 0;
		};
/* End PBXResourcesBuildPhase section */

/* Begin PBXSourcesBuildPhase section */
		245ED8962B7EB4FC00B5CEFA /* Sources */ = {
			isa = PBXSourcesBuildPhase;
			buildActionMask = 2147483647;
			files = (
				249004DA2B87398B00F762E8 /* Color+EXT.swift in Sources */,
				249004C92B872BE400F762E8 /* LocationType.swift in Sources */,
				249004CC2B87339400F762E8 /* MapViewModel.swift in Sources */,
				24B0B2A22BB9295900A4C8D7 /* MapLocationsView.swift in Sources */,
				249004D42B87382400F762E8 /* UINavigationController+EXT.swift in Sources */,
				249004D22B8735C100F762E8 /* MapViewCoordinator.swift in Sources */,
				245ED8A02B7EB4FC00B5CEFA /* MapView.swift in Sources */,
				24B0B2A82BB939A500A4C8D7 /* UserProfileView.swift in Sources */,
				249004C62B87284B00F762E8 /* Location.swift in Sources */,
				249004D02B8734F100F762E8 /* MapViewRepresentable.swift in Sources */,
				24B0B29B2BB9115500A4C8D7 /* LocationAnnotation.swift in Sources */,
				24B0B29D2BB91B4000A4C8D7 /* LocationAnnotationView.swift in Sources */,
				24B0B2A52BB938D900A4C8D7 /* AppTabView.swift in Sources */,
				245ED89E2B7EB4FC00B5CEFA /* AccessBSUApp.swift in Sources */,
			);
			runOnlyForDeploymentPostprocessing = 0;
		};
/* End PBXSourcesBuildPhase section */

/* Begin XCBuildConfiguration section */
		245ED8A62B7EB4FE00B5CEFA /* Debug */ = {
			isa = XCBuildConfiguration;
			buildSettings = {
				ALWAYS_SEARCH_USER_PATHS = NO;
				ASSETCATALOG_COMPILER_GENERATE_SWIFT_ASSET_SYMBOL_EXTENSIONS = YES;
				CLANG_ANALYZER_NONNULL = YES;
				CLANG_ANALYZER_NUMBER_OBJECT_CONVERSION = YES_AGGRESSIVE;
				CLANG_CXX_LANGUAGE_STANDARD = "gnu++20";
				CLANG_ENABLE_MODULES = YES;
				CLANG_ENABLE_OBJC_ARC = YES;
				CLANG_ENABLE_OBJC_WEAK = YES;
				CLANG_WARN_BLOCK_CAPTURE_AUTORELEASING = YES;
				CLANG_WARN_BOOL_CONVERSION = YES;
				CLANG_WARN_COMMA = YES;
				CLANG_WARN_CONSTANT_CONVERSION = YES;
				CLANG_WARN_DEPRECATED_OBJC_IMPLEMENTATIONS = YES;
				CLANG_WARN_DIRECT_OBJC_ISA_USAGE = YES_ERROR;
				CLANG_WARN_DOCUMENTATION_COMMENTS = YES;
				CLANG_WARN_EMPTY_BODY = YES;
				CLANG_WARN_ENUM_CONVERSION = YES;
				CLANG_WARN_INFINITE_RECURSION = YES;
				CLANG_WARN_INT_CONVERSION = YES;
				CLANG_WARN_NON_LITERAL_NULL_CONVERSION = YES;
				CLANG_WARN_OBJC_IMPLICIT_RETAIN_SELF = YES;
				CLANG_WARN_OBJC_LITERAL_CONVERSION = YES;
				CLANG_WARN_OBJC_ROOT_CLASS = YES_ERROR;
				CLANG_WARN_QUOTED_INCLUDE_IN_FRAMEWORK_HEADER = YES;
				CLANG_WARN_RANGE_LOOP_ANALYSIS = YES;
				CLANG_WARN_STRICT_PROTOTYPES = YES;
				CLANG_WARN_SUSPICIOUS_MOVE = YES;
				CLANG_WARN_UNGUARDED_AVAILABILITY = YES_AGGRESSIVE;
				CLANG_WARN_UNREACHABLE_CODE = YES;
				CLANG_WARN__DUPLICATE_METHOD_MATCH = YES;
				COPY_PHASE_STRIP = NO;
				DEBUG_INFORMATION_FORMAT = dwarf;
				ENABLE_STRICT_OBJC_MSGSEND = YES;
				ENABLE_TESTABILITY = YES;
				ENABLE_USER_SCRIPT_SANDBOXING = YES;
				GCC_C_LANGUAGE_STANDARD = gnu17;
				GCC_DYNAMIC_NO_PIC = NO;
				GCC_NO_COMMON_BLOCKS = YES;
				GCC_OPTIMIZATION_LEVEL = 0;
				GCC_PREPROCESSOR_DEFINITIONS = (
					"DEBUG=1",
					"$(inherited)",
				);
				GCC_WARN_64_TO_32_BIT_CONVERSION = YES;
				GCC_WARN_ABOUT_RETURN_TYPE = YES_ERROR;
				GCC_WARN_UNDECLARED_SELECTOR = YES;
				GCC_WARN_UNINITIALIZED_AUTOS = YES_AGGRESSIVE;
				GCC_WARN_UNUSED_FUNCTION = YES;
				GCC_WARN_UNUSED_VARIABLE = YES;
				IPHONEOS_DEPLOYMENT_TARGET = 17.0;
				LOCALIZATION_PREFERS_STRING_CATALOGS = YES;
				MTL_ENABLE_DEBUG_INFO = INCLUDE_SOURCE;
				MTL_FAST_MATH = YES;
				ONLY_ACTIVE_ARCH = YES;
				SDKROOT = iphoneos;
				SWIFT_ACTIVE_COMPILATION_CONDITIONS = "DEBUG $(inherited)";
				SWIFT_OPTIMIZATION_LEVEL = "-Onone";
			};
			name = Debug;
		};
		245ED8A72B7EB4FE00B5CEFA /* Release */ = {
			isa = XCBuildConfiguration;
			buildSettings = {
				ALWAYS_SEARCH_USER_PATHS = NO;
				ASSETCATALOG_COMPILER_GENERATE_SWIFT_ASSET_SYMBOL_EXTENSIONS = YES;
				CLANG_ANALYZER_NONNULL = YES;
				CLANG_ANALYZER_NUMBER_OBJECT_CONVERSION = YES_AGGRESSIVE;
				CLANG_CXX_LANGUAGE_STANDARD = "gnu++20";
				CLANG_ENABLE_MODULES = YES;
				CLANG_ENABLE_OBJC_ARC = YES;
				CLANG_ENABLE_OBJC_WEAK = YES;
				CLANG_WARN_BLOCK_CAPTURE_AUTORELEASING = YES;
				CLANG_WARN_BOOL_CONVERSION = YES;
				CLANG_WARN_COMMA = YES;
				CLANG_WARN_CONSTANT_CONVERSION = YES;
				CLANG_WARN_DEPRECATED_OBJC_IMPLEMENTATIONS = YES;
				CLANG_WARN_DIRECT_OBJC_ISA_USAGE = YES_ERROR;
				CLANG_WARN_DOCUMENTATION_COMMENTS = YES;
				CLANG_WARN_EMPTY_BODY = YES;
				CLANG_WARN_ENUM_CONVERSION = YES;
				CLANG_WARN_INFINITE_RECURSION = YES;
				CLANG_WARN_INT_CONVERSION = YES;
				CLANG_WARN_NON_LITERAL_NULL_CONVERSION = YES;
				CLANG_WARN_OBJC_IMPLICIT_RETAIN_SELF = YES;
				CLANG_WARN_OBJC_LITERAL_CONVERSION = YES;
				CLANG_WARN_OBJC_ROOT_CLASS = YES_ERROR;
				CLANG_WARN_QUOTED_INCLUDE_IN_FRAMEWORK_HEADER = YES;
				CLANG_WARN_RANGE_LOOP_ANALYSIS = YES;
				CLANG_WARN_STRICT_PROTOTYPES = YES;
				CLANG_WARN_SUSPICIOUS_MOVE = YES;
				CLANG_WARN_UNGUARDED_AVAILABILITY = YES_AGGRESSIVE;
				CLANG_WARN_UNREACHABLE_CODE = YES;
				CLANG_WARN__DUPLICATE_METHOD_MATCH = YES;
				COPY_PHASE_STRIP = NO;
				DEBUG_INFORMATION_FORMAT = "dwarf-with-dsym";
				ENABLE_NS_ASSERTIONS = NO;
				ENABLE_STRICT_OBJC_MSGSEND = YES;
				ENABLE_USER_SCRIPT_SANDBOXING = YES;
				GCC_C_LANGUAGE_STANDARD = gnu17;
				GCC_NO_COMMON_BLOCKS = YES;
				GCC_WARN_64_TO_32_BIT_CONVERSION = YES;
				GCC_WARN_ABOUT_RETURN_TYPE = YES_ERROR;
				GCC_WARN_UNDECLARED_SELECTOR = YES;
				GCC_WARN_UNINITIALIZED_AUTOS = YES_AGGRESSIVE;
				GCC_WARN_UNUSED_FUNCTION = YES;
				GCC_WARN_UNUSED_VARIABLE = YES;
				IPHONEOS_DEPLOYMENT_TARGET = 17.0;
				LOCALIZATION_PREFERS_STRING_CATALOGS = YES;
				MTL_ENABLE_DEBUG_INFO = NO;
				MTL_FAST_MATH = YES;
				SDKROOT = iphoneos;
				SWIFT_COMPILATION_MODE = wholemodule;
				VALIDATE_PRODUCT = YES;
			};
			name = Release;
		};
		245ED8A92B7EB4FE00B5CEFA /* Debug */ = {
			isa = XCBuildConfiguration;
			buildSettings = {
				ASSETCATALOG_COMPILER_APPICON_NAME = AppIcon;
				ASSETCATALOG_COMPILER_GLOBAL_ACCENT_COLOR_NAME = AccentColor;
				CODE_SIGN_STYLE = Automatic;
				CURRENT_PROJECT_VERSION = 1;
				DEVELOPMENT_ASSET_PATHS = "\"AccessBSU/Preview Content\"";
				DEVELOPMENT_TEAM = H5L7QT5U7B;
				ENABLE_PREVIEWS = YES;
				GENERATE_INFOPLIST_FILE = YES;
				INFOPLIST_KEY_UIApplicationSceneManifest_Generation = YES;
				INFOPLIST_KEY_UIApplicationSupportsIndirectInputEvents = YES;
				INFOPLIST_KEY_UILaunchScreen_Generation = YES;
				INFOPLIST_KEY_UISupportedInterfaceOrientations_iPad = "UIInterfaceOrientationPortrait UIInterfaceOrientationPortraitUpsideDown UIInterfaceOrientationLandscapeLeft UIInterfaceOrientationLandscapeRight";
				INFOPLIST_KEY_UISupportedInterfaceOrientations_iPhone = "UIInterfaceOrientationPortrait UIInterfaceOrientationLandscapeLeft UIInterfaceOrientationLandscapeRight";
				IPHONEOS_DEPLOYMENT_TARGET = 16.0;
				LD_RUNPATH_SEARCH_PATHS = (
					"$(inherited)",
					"@executable_path/Frameworks",
				);
				MARKETING_VERSION = 1.0;
				PRODUCT_BUNDLE_IDENTIFIER = JaylenKSmith.AccessBSU;
				PRODUCT_NAME = "$(TARGET_NAME)";
				SWIFT_EMIT_LOC_STRINGS = YES;
				SWIFT_VERSION = 5.0;
				TARGETED_DEVICE_FAMILY = "1,2";
			};
			name = Debug;
		};
		245ED8AA2B7EB4FE00B5CEFA /* Release */ = {
			isa = XCBuildConfiguration;
			buildSettings = {
				ASSETCATALOG_COMPILER_APPICON_NAME = AppIcon;
				ASSETCATALOG_COMPILER_GLOBAL_ACCENT_COLOR_NAME = AccentColor;
				CODE_SIGN_STYLE = Automatic;
				CURRENT_PROJECT_VERSION = 1;
				DEVELOPMENT_ASSET_PATHS = "\"AccessBSU/Preview Content\"";
				DEVELOPMENT_TEAM = H5L7QT5U7B;
				ENABLE_PREVIEWS = YES;
				GENERATE_INFOPLIST_FILE = YES;
				INFOPLIST_KEY_UIApplicationSceneManifest_Generation = YES;
				INFOPLIST_KEY_UIApplicationSupportsIndirectInputEvents = YES;
				INFOPLIST_KEY_UILaunchScreen_Generation = YES;
				INFOPLIST_KEY_UISupportedInterfaceOrientations_iPad = "UIInterfaceOrientationPortrait UIInterfaceOrientationPortraitUpsideDown UIInterfaceOrientationLandscapeLeft UIInterfaceOrientationLandscapeRight";
				INFOPLIST_KEY_UISupportedInterfaceOrientations_iPhone = "UIInterfaceOrientationPortrait UIInterfaceOrientationLandscapeLeft UIInterfaceOrientationLandscapeRight";
				IPHONEOS_DEPLOYMENT_TARGET = 16.0;
				LD_RUNPATH_SEARCH_PATHS = (
					"$(inherited)",
					"@executable_path/Frameworks",
				);
				MARKETING_VERSION = 1.0;
				PRODUCT_BUNDLE_IDENTIFIER = JaylenKSmith.AccessBSU;
				PRODUCT_NAME = "$(TARGET_NAME)";
				SWIFT_EMIT_LOC_STRINGS = YES;
				SWIFT_VERSION = 5.0;
				TARGETED_DEVICE_FAMILY = "1,2";
			};
			name = Release;
		};
/* End XCBuildConfiguration section */

/* Begin XCConfigurationList section */
		245ED8952B7EB4FC00B5CEFA /* Build configuration list for PBXProject "AccessBSU" */ = {
			isa = XCConfigurationList;
			buildConfigurations = (
				245ED8A62B7EB4FE00B5CEFA /* Debug */,
				245ED8A72B7EB4FE00B5CEFA /* Release */,
			);
			defaultConfigurationIsVisible = 0;
			defaultConfigurationName = Release;
		};
		245ED8A82B7EB4FE00B5CEFA /* Build configuration list for PBXNativeTarget "AccessBSU" */ = {
			isa = XCConfigurationList;
			buildConfigurations = (
				245ED8A92B7EB4FE00B5CEFA /* Debug */,
				245ED8AA2B7EB4FE00B5CEFA /* Release */,
			);
			defaultConfigurationIsVisible = 0;
			defaultConfigurationName = Release;
		};
/* End XCConfigurationList section */
	};
	rootObject = 245ED8922B7EB4FC00B5CEFA /* Project object */;
}
